
Microsoft Visual Studio Solution File, Format Version 12.00
# Visual Studio Version 17
VisualStudioVersion = 17.4.33403.182
MinimumVisualStudioVersion = 10.0.40219.1
Project("{9A19103F-16F7-4668-BE54-9A1E7A4F7556}") = "QuanLyTuyenSinh", "QuanLyTuyenSinh\QuanLyTuyenSinh.csproj", "{8F37AAA0-0672-4D8E-BF02-96300DEA2011}"
EndProject
Project("{2150E333-8FDC-42A3-9474-1A3956D46DE8}") = "Solution Items", "Solution Items", "{705334A7-42B9-40FA-9C3E-D70CAC4F6882}"
EndProject
Global
	GlobalSection(SolutionConfigurationPlatforms) = preSolution
		Debug|Any CPU = Debug|Any CPU
		Release|Any CPU = Release|Any CPU
	EndGlobalSection
	GlobalSection(ProjectConfigurationPlatforms) = postSolution
		{8F37AAA0-0672-4D8E-BF02-96300DEA2011}.Debug|Any CPU.ActiveCfg = Debug|Any CPU
		{8F37AAA0-0672-4D8E-BF02-96300DEA2011}.Debug|Any CPU.Build.0 = Debug|Any CPU
		{8F37AAA0-0672-4D8E-BF02-96300DEA2011}.Release|Any CPU.ActiveCfg = Release|Any CPU
		{8F37AAA0-0672-4D8E-BF02-96300DEA2011}.Release|Any CPU.Build.0 = Release|Any CPU
	EndGlobalSection
	GlobalSection(SolutionProperties) = preSolution
		HideSolutionNode = FALSE
	EndGlobalSection
	GlobalSection(ExtensibilityGlobals) = postSolution
		SolutionGuid = {7DE26033-2EFC-4128-9CA3-1707FF66AF01}
	EndGlobalSection
EndGlobal
